# THIS IS AN AUTOGENERATED FILE. DO NOT EDIT THIS FILE DIRECTLY.
# yarn lockfile v1


eslint-ast-utils@^1.1.0:
  version "1.1.0"
  resolved "https://registry.yarnpkg.com/eslint-ast-utils/-/eslint-ast-utils-1.1.0.tgz#3d58ba557801cfb1c941d68131ee9f8c34bd1586"
  dependencies:
    lodash.get "^4.4.2"
    lodash.zip "^4.2.0"

eslint-plugin-eslint-plugin@^1.4.0:
  version "1.4.0"
  resolved "https://registry.yarnpkg.com/eslint-plugin-eslint-plugin/-/eslint-plugin-eslint-plugin-1.4.0.tgz#382dc6692a741a52072d5f3fff5dacdcf291ef49"

lodash.get@^4.4.2:
  version "4.4.2"
  resolved "https://registry.yarnpkg.com/lodash.get/-/lodash.get-4.4.2.tgz#2d177f652fa31e939b4438d5341499dfa3825e99"

lodash.zip@^4.2.0:
  version "4.2.0"
  resolved "https://registry.yarnpkg.com/lodash.zip/-/lodash.zip-4.2.0.tgz#ec6662e4896408ed4ab6c542a3990b72cc080020"
